[[package]]
category = "main"
description = "Freely available tools for computational molecular biology."
name = "biopython"
optional = false
python-versions = "*"
version = "1.77"

[package.dependencies]
numpy = "*"

[[package]]
category = "main"
description = "NumPy is the fundamental package for array computing with Python."
name = "numpy"
optional = false
python-versions = ">=3.6"
version = "1.19.1"

[metadata]
content-hash = "694c41449f4827154ea2159ef5acfd07838c25a602fb3b52ef371aadf436c31f"
python-versions = "^3.8"

[metadata.files]
biopython = [
    {file = "biopython-1.77-cp36-cp36m-macosx_10_9_x86_64.whl", hash = "sha256:50a22232cc74f3dcd2c3b91735e44ed9c1eaa1430ea13cf490876a9ba96c5d8d"},
    {file = "biopython-1.77-cp36-cp36m-manylinux1_i686.whl", hash = "sha256:b289ab4b9a099a58bd1ec022e0f468c840ede84298a1221580111b2b712d421b"},
    {file = "biopython-1.77-cp36-cp36m-manylinux1_x86_64.whl", hash = "sha256:583c37d73857ce64796cba41a125c5b797796c16a7cf1873166d6be97dc3247e"},
    {file = "biopython-1.77-cp36-cp36m-win32.whl", hash = "sha256:4ba446c5c08f7863bdc9175c982cc6c1dc7262c824e6f8439c7c7e6b165bc165"},
    {file = "biopython-1.77-cp36-cp36m-win_amd64.whl", hash = "sha256:52bf44bf5ed0e8b9c43907b5a1955ac9c930f12a795a45e5fd8d452f4c089196"},
    {file = "biopython-1.77-cp37-cp37m-macosx_10_9_x86_64.whl", hash = "sha256:fd7db2db38cf938909032c1b8c49402930f74268f387090496d93e566cb3c219"},
    {file = "biopython-1.77-cp37-cp37m-manylinux1_i686.whl", hash = "sha256:2ff96797cda9b2ff280cff6d1f7530181baecfd65987b6d1fc8356230cdcedd8"},
    {file = "biopython-1.77-cp37-cp37m-manylinux1_x86_64.whl", hash = "sha256:4debae2570b5937f55626ec8f9ef0e7001d6269ce6e6cfad4c9dca5c7a22065e"},
    {file = "biopython-1.77-cp37-cp37m-win32.whl", hash = "sha256:8f0f2694b51785c6e1cf790cba79e5aa19dc9304485c7b019585624c88632354"},
    {file = "biopython-1.77-cp37-cp37m-win_amd64.whl", hash = "sha256:d76d0e197e06c6e33131e3bc964ac99e1ed9f99cc7834b513fbdb7efe04bc4bc"},
    {file = "biopython-1.77-cp38-cp38-macosx_10_9_x86_64.whl", hash = "sha256:5ac84aa3f61ba60b22bd00e06bc7b7408924396c8f13690a2ebdb6af0b62ecce"},
    {file = "biopython-1.77-cp38-cp38-manylinux1_i686.whl", hash = "sha256:825368cac116e5acdd6d003a1e13d3a9fe0eaa2c44a101f28a061a88cd287acf"},
    {file = "biopython-1.77-cp38-cp38-manylinux1_x86_64.whl", hash = "sha256:8b9da6a9d5af1fcd979cbebd4df63321c7243c56b7f816672bf084393f6e4f3a"},
    {file = "biopython-1.77-cp38-cp38-win32.whl", hash = "sha256:d1a1b2b56d881113af8eda84cf148f07d2df158e3d71d884634d033442609db0"},
    {file = "biopython-1.77-cp38-cp38-win_amd64.whl", hash = "sha256:c277d762abe246ab23f459837451c5de16b13116f298a7a7fb896b4c839cd7a5"},
    {file = "biopython-1.77.tar.gz", hash = "sha256:fb1936e9ca9e7af8de1050e84375f23328e04b801063edf0ad73733494d8ec42"},
]
numpy = [
    {file = "numpy-1.19.1-cp36-cp36m-macosx_10_9_x86_64.whl", hash = "sha256:b1cca51512299841bf69add3b75361779962f9cee7d9ee3bb446d5982e925b69"},
    {file = "numpy-1.19.1-cp36-cp36m-manylinux1_i686.whl", hash = "sha256:c9591886fc9cbe5532d5df85cb8e0cc3b44ba8ce4367bd4cf1b93dc19713da72"},
    {file = "numpy-1.19.1-cp36-cp36m-manylinux1_x86_64.whl", hash = "sha256:cf1347450c0b7644ea142712619533553f02ef23f92f781312f6a3553d031fc7"},
    {file = "numpy-1.19.1-cp36-cp36m-manylinux2010_i686.whl", hash = "sha256:ed8a311493cf5480a2ebc597d1e177231984c818a86875126cfd004241a73c3e"},
    {file = "numpy-1.19.1-cp36-cp36m-manylinux2010_x86_64.whl", hash = "sha256:3673c8b2b29077f1b7b3a848794f8e11f401ba0b71c49fbd26fb40b71788b132"},
    {file = "numpy-1.19.1-cp36-cp36m-manylinux2014_aarch64.whl", hash = "sha256:56ef7f56470c24bb67fb43dae442e946a6ce172f97c69f8d067ff8550cf782ff"},
    {file = "numpy-1.19.1-cp36-cp36m-win32.whl", hash = "sha256:aaf42a04b472d12515debc621c31cf16c215e332242e7a9f56403d814c744624"},
    {file = "numpy-1.19.1-cp36-cp36m-win_amd64.whl", hash = "sha256:082f8d4dd69b6b688f64f509b91d482362124986d98dc7dc5f5e9f9b9c3bb983"},
    {file = "numpy-1.19.1-cp37-cp37m-macosx_10_9_x86_64.whl", hash = "sha256:e4f6d3c53911a9d103d8ec9518190e52a8b945bab021745af4939cfc7c0d4a9e"},
    {file = "numpy-1.19.1-cp37-cp37m-manylinux1_i686.whl", hash = "sha256:5b6885c12784a27e957294b60f97e8b5b4174c7504665333c5e94fbf41ae5d6a"},
    {file = "numpy-1.19.1-cp37-cp37m-manylinux1_x86_64.whl", hash = "sha256:1bc0145999e8cb8aed9d4e65dd8b139adf1919e521177f198529687dbf613065"},
    {file = "numpy-1.19.1-cp37-cp37m-manylinux2010_i686.whl", hash = "sha256:5a936fd51049541d86ccdeef2833cc89a18e4d3808fe58a8abeb802665c5af93"},
    {file = "numpy-1.19.1-cp37-cp37m-manylinux2010_x86_64.whl", hash = "sha256:ef71a1d4fd4858596ae80ad1ec76404ad29701f8ca7cdcebc50300178db14dfc"},
    {file = "numpy-1.19.1-cp37-cp37m-manylinux2014_aarch64.whl", hash = "sha256:b9792b0ac0130b277536ab8944e7b754c69560dac0415dd4b2dbd16b902c8954"},
    {file = "numpy-1.19.1-cp37-cp37m-win32.whl", hash = "sha256:b12e639378c741add21fbffd16ba5ad25c0a1a17cf2b6fe4288feeb65144f35b"},
    {file = "numpy-1.19.1-cp37-cp37m-win_amd64.whl", hash = "sha256:8343bf67c72e09cfabfab55ad4a43ce3f6bf6e6ced7acf70f45ded9ebb425055"},
    {file = "numpy-1.19.1-cp38-cp38-macosx_10_9_x86_64.whl", hash = "sha256:e45f8e981a0ab47103181773cc0a54e650b2aef8c7b6cd07405d0fa8d869444a"},
    {file = "numpy-1.19.1-cp38-cp38-manylinux1_i686.whl", hash = "sha256:667c07063940e934287993366ad5f56766bc009017b4a0fe91dbd07960d0aba7"},
    {file = "numpy-1.19.1-cp38-cp38-manylinux1_x86_64.whl", hash = "sha256:480fdd4dbda4dd6b638d3863da3be82873bba6d32d1fc12ea1b8486ac7b8d129"},
    {file = "numpy-1.19.1-cp38-cp38-manylinux2010_i686.whl", hash = "sha256:935c27ae2760c21cd7354402546f6be21d3d0c806fffe967f745d5f2de5005a7"},
    {file = "numpy-1.19.1-cp38-cp38-manylinux2010_x86_64.whl", hash = "sha256:309cbcfaa103fc9a33ec16d2d62569d541b79f828c382556ff072442226d1968"},
    {file = "numpy-1.19.1-cp38-cp38-manylinux2014_aarch64.whl", hash = "sha256:7ed448ff4eaffeb01094959b19cbaf998ecdee9ef9932381420d514e446601cd"},
    {file = "numpy-1.19.1-cp38-cp38-win32.whl", hash = "sha256:de8b4a9b56255797cbddb93281ed92acbc510fb7b15df3f01bd28f46ebc4edae"},
    {file = "numpy-1.19.1-cp38-cp38-win_amd64.whl", hash = "sha256:92feb989b47f83ebef246adabc7ff3b9a59ac30601c3f6819f8913458610bdcc"},
    {file = "numpy-1.19.1-pp36-pypy36_pp73-manylinux2010_x86_64.whl", hash = "sha256:e1b1dc0372f530f26a03578ac75d5e51b3868b9b76cd2facba4c9ee0eb252ab1"},
    {file = "numpy-1.19.1.zip", hash = "sha256:b8456987b637232602ceb4d663cb34106f7eb780e247d51a260b84760fd8f491"},
]
